// !$*UTF8*$!
{
	archiveVersion = 1;
	classes = {
	};
	objectVersion = 50;
	objects = {

/* Begin PBXBuildFile section */
		792C124E23C7A1F400C59F01 /* AppDelegate.swift in Sources */ = {isa = PBXBuildFile; fileRef = 792C124D23C7A1F400C59F01 /* AppDelegate.swift */; };
		792C125023C7A1F400C59F01 /* SceneDelegate.swift in Sources */ = {isa = PBXBuildFile; fileRef = 792C124F23C7A1F400C59F01 /* SceneDelegate.swift */; };
		792C125223C7A1F500C59F01 /* ContentView.swift in Sources */ = {isa = PBXBuildFile; fileRef = 792C125123C7A1F500C59F01 /* ContentView.swift */; };
		792C125423C7A1FA00C59F01 /* Assets.xcassets in Resources */ = {isa = PBXBuildFile; fileRef = 792C125323C7A1FA00C59F01 /* Assets.xcassets */; };
		792C125723C7A1FA00C59F01 /* Preview Assets.xcassets in Resources */ = {isa = PBXBuildFile; fileRef = 792C125623C7A1FA00C59F01 /* Preview Assets.xcassets */; };
		792C125A23C7A1FA00C59F01 /* LaunchScreen.storyboard in Resources */ = {isa = PBXBuildFile; fileRef = 792C125823C7A1FA00C59F01 /* LaunchScreen.storyboard */; };
		792C126523C7A1FA00C59F01 /* IniciativerTests.swift in Sources */ = {isa = PBXBuildFile; fileRef = 792C126423C7A1FA00C59F01 /* IniciativerTests.swift */; };
		792C127023C7A1FA00C59F01 /* IniciativerUITests.swift in Sources */ = {isa = PBXBuildFile; fileRef = 792C126F23C7A1FA00C59F01 /* IniciativerUITests.swift */; };
		792C127E23C7A7F100C59F01 /* AddCharacterView.swift in Sources */ = {isa = PBXBuildFile; fileRef = 792C127D23C7A7F100C59F01 /* AddCharacterView.swift */; };
		7949C8A92405743700C02218 /* Models.swift in Sources */ = {isa = PBXBuildFile; fileRef = 7949C8A82405743700C02218 /* Models.swift */; };
/* End PBXBuildFile section */

/* Begin PBXContainerItemProxy section */
		792C126123C7A1FA00C59F01 /* PBXContainerItemProxy */ = {
			isa = PBXContainerItemProxy;
			containerPortal = 792C124223C7A1F400C59F01 /* Project object */;
			proxyType = 1;
			remoteGlobalIDString = 792C124923C7A1F400C59F01;
			remoteInfo = Iniciativer;
		};
		792C126C23C7A1FA00C59F01 /* PBXContainerItemProxy */ = {
			isa = PBXContainerItemProxy;
			containerPortal = 792C124223C7A1F400C59F01 /* Project object */;
			proxyType = 1;
			remoteGlobalIDString = 792C124923C7A1F400C59F01;
			remoteInfo = Iniciativer;
		};
/* End PBXContainerItemProxy section */

/* Begin PBXFileReference section */
		792C124A23C7A1F400C59F01 /* Iniciativer.app */ = {isa = PBXFileReference; explicitFileType = wrapper.application; includeInIndex = 0; path = Iniciativer.app; sourceTree = BUILT_PRODUCTS_DIR; };
		792C124D23C7A1F400C59F01 /* AppDelegate.swift */ = {isa = PBXFileReference; lastKnownFileType = sourcecode.swift; path = AppDelegate.swift; sourceTree = "<group>"; };
		792C124F23C7A1F400C59F01 /* SceneDelegate.swift */ = {isa = PBXFileReference; lastKnownFileType = sourcecode.swift; path = SceneDelegate.swift; sourceTree = "<group>"; };
		792C125123C7A1F500C59F01 /* ContentView.swift */ = {isa = PBXFileReference; lastKnownFileType = sourcecode.swift; path = ContentView.swift; sourceTree = "<group>"; };
		792C125323C7A1FA00C59F01 /* Assets.xcassets */ = {isa = PBXFileReference; lastKnownFileType = folder.assetcatalog; path = Assets.xcassets; sourceTree = "<group>"; };
		792C125623C7A1FA00C59F01 /* Preview Assets.xcassets */ = {isa = PBXFileReference; lastKnownFileType = folder.assetcatalog; path = "Preview Assets.xcassets"; sourceTree = "<group>"; };
		792C125923C7A1FA00C59F01 /* Base */ = {isa = PBXFileReference; lastKnownFileType = file.storyboard; name = Base; path = Base.lproj/LaunchScreen.storyboard; sourceTree = "<group>"; };
		792C125B23C7A1FA00C59F01 /* Info.plist */ = {isa = PBXFileReference; lastKnownFileType = text.plist.xml; path = Info.plist; sourceTree = "<group>"; };
		792C126023C7A1FA00C59F01 /* IniciativerTests.xctest */ = {isa = PBXFileReference; explicitFileType = wrapper.cfbundle; includeInIndex = 0; path = IniciativerTests.xctest; sourceTree = BUILT_PRODUCTS_DIR; };
		792C126423C7A1FA00C59F01 /* IniciativerTests.swift */ = {isa = PBXFileReference; lastKnownFileType = sourcecode.swift; path = IniciativerTests.swift; sourceTree = "<group>"; };
		792C126623C7A1FA00C59F01 /* Info.plist */ = {isa = PBXFileReference; lastKnownFileType = text.plist.xml; path = Info.plist; sourceTree = "<group>"; };
		792C126B23C7A1FA00C59F01 /* IniciativerUITests.xctest */ = {isa = PBXFileReference; explicitFileType = wrapper.cfbundle; includeInIndex = 0; path = IniciativerUITests.xctest; sourceTree = BUILT_PRODUCTS_DIR; };
		792C126F23C7A1FA00C59F01 /* IniciativerUITests.swift */ = {isa = PBXFileReference; lastKnownFileType = sourcecode.swift; path = IniciativerUITests.swift; sourceTree = "<group>"; };
		792C127123C7A1FA00C59F01 /* Info.plist */ = {isa = PBXFileReference; lastKnownFileType = text.plist.xml; path = Info.plist; sourceTree = "<group>"; };
		792C127D23C7A7F100C59F01 /* AddCharacterView.swift */ = {isa = PBXFileReference; lastKnownFileType = sourcecode.swift; path = AddCharacterView.swift; sourceTree = "<group>"; };
		7949C8A82405743700C02218 /* Models.swift */ = {isa = PBXFileReference; lastKnownFileType = sourcecode.swift; path = Models.swift; sourceTree = "<group>"; };
/* End PBXFileReference section */

/* Begin PBXFrameworksBuildPhase section */
		792C124723C7A1F400C59F01 /* Frameworks */ = {
			isa = PBXFrameworksBuildPhase;
			buildActionMask = 2147483647;
			files = (
			);
			runOnlyForDeploymentPostprocessing = 0;
		};
		792C125D23C7A1FA00C59F01 /* Frameworks */ = {
			isa = PBXFrameworksBuildPhase;
			buildActionMask = 2147483647;
			files = (
			);
			runOnlyForDeploymentPostprocessing = 0;
		};
		792C126823C7A1FA00C59F01 /* Frameworks */ = {
			isa = PBXFrameworksBuildPhase;
			buildActionMask = 2147483647;
			files = (
			);
			runOnlyForDeploymentPostprocessing = 0;
		};
/* End PBXFrameworksBuildPhase section */

/* Begin PBXGroup section */
		792C124123C7A1F400C59F01 = {
			isa = PBXGroup;
			children = (
				792C124C23C7A1F400C59F01 /* Iniciativer */,
				792C126323C7A1FA00C59F01 /* IniciativerTests */,
				792C126E23C7A1FA00C59F01 /* IniciativerUITests */,
				792C124B23C7A1F400C59F01 /* Products */,
			);
			sourceTree = "<group>";
		};
		792C124B23C7A1F400C59F01 /* Products */ = {
			isa = PBXGroup;
			children = (
				792C124A23C7A1F400C59F01 /* Iniciativer.app */,
				792C126023C7A1FA00C59F01 /* IniciativerTests.xctest */,
				792C126B23C7A1FA00C59F01 /* IniciativerUITests.xctest */,
			);
			name = Products;
			sourceTree = "<group>";
		};
		792C124C23C7A1F400C59F01 /* Iniciativer */ = {
			isa = PBXGroup;
			children = (
				792C124D23C7A1F400C59F01 /* AppDelegate.swift */,
				792C124F23C7A1F400C59F01 /* SceneDelegate.swift */,
				792C125123C7A1F500C59F01 /* ContentView.swift */,
				7949C8A82405743700C02218 /* Models.swift */,
				792C127D23C7A7F100C59F01 /* AddCharacterView.swift */,
				792C125323C7A1FA00C59F01 /* Assets.xcassets */,
				792C125823C7A1FA00C59F01 /* LaunchScreen.storyboard */,
				792C125B23C7A1FA00C59F01 /* Info.plist */,
				792C125523C7A1FA00C59F01 /* Preview Content */,
			);
			path = Iniciativer;
			sourceTree = "<group>";
		};
		792C125523C7A1FA00C59F01 /* Preview Content */ = {
			isa = PBXGroup;
			children = (
				792C125623C7A1FA00C59F01 /* Preview Assets.xcassets */,
			);
			path = "Preview Content";
			sourceTree = "<group>";
		};
		792C126323C7A1FA00C59F01 /* IniciativerTests */ = {
			isa = PBXGroup;
			children = (
				792C126423C7A1FA00C59F01 /* IniciativerTests.swift */,
				792C126623C7A1FA00C59F01 /* Info.plist */,
			);
			path = IniciativerTests;
			sourceTree = "<group>";
		};
		792C126E23C7A1FA00C59F01 /* IniciativerUITests */ = {
			isa = PBXGroup;
			children = (
				792C126F23C7A1FA00C59F01 /* IniciativerUITests.swift */,
				792C127123C7A1FA00C59F01 /* Info.plist */,
			);
			path = IniciativerUITests;
			sourceTree = "<group>";
		};
/* End PBXGroup section */

/* Begin PBXNativeTarget section */
		792C124923C7A1F400C59F01 /* Iniciativer */ = {
			isa = PBXNativeTarget;
			buildConfigurationList = 792C127423C7A1FA00C59F01 /* Build configuration list for PBXNativeTarget "Iniciativer" */;
			buildPhases = (
				792C124623C7A1F400C59F01 /* Sources */,
				792C124723C7A1F400C59F01 /* Frameworks */,
				792C124823C7A1F400C59F01 /* Resources */,
			);
			buildRules = (
			);
			dependencies = (
			);
			name = Iniciativer;
			productName = Iniciativer;
			productReference = 792C124A23C7A1F400C59F01 /* Iniciativer.app */;
			productType = "com.apple.product-type.application";
		};
		792C125F23C7A1FA00C59F01 /* IniciativerTests */ = {
			isa = PBXNativeTarget;
			buildConfigurationList = 792C127723C7A1FA00C59F01 /* Build configuration list for PBXNativeTarget "IniciativerTests" */;
			buildPhases = (
				792C125C23C7A1FA00C59F01 /* Sources */,
				792C125D23C7A1FA00C59F01 /* Frameworks */,
				792C125E23C7A1FA00C59F01 /* Resources */,
			);
			buildRules = (
			);
			dependencies = (
				792C126223C7A1FA00C59F01 /* PBXTargetDependency */,
			);
			name = IniciativerTests;
			productName = IniciativerTests;
			productReference = 792C126023C7A1FA00C59F01 /* IniciativerTests.xctest */;
			productType = "com.apple.product-type.bundle.unit-test";
		};
		792C126A23C7A1FA00C59F01 /* IniciativerUITests */ = {
			isa = PBXNativeTarget;
			buildConfigurationList = 792C127A23C7A1FA00C59F01 /* Build configuration list for PBXNativeTarget "IniciativerUITests" */;
			buildPhases = (
				792C126723C7A1FA00C59F01 /* Sources */,
				792C126823C7A1FA00C59F01 /* Frameworks */,
				792C126923C7A1FA00C59F01 /* Resources */,
			);
			buildRules = (
			);
			dependencies = (
				792C126D23C7A1FA00C59F01 /* PBXTargetDependency */,
			);
			name = IniciativerUITests;
			productName = IniciativerUITests;
			productReference = 792C126B23C7A1FA00C59F01 /* IniciativerUITests.xctest */;
			productType = "com.apple.product-type.bundle.ui-testing";
		};
/* End PBXNativeTarget section */

/* Begin PBXProject section */
		792C124223C7A1F400C59F01 /* Project object */ = {
			isa = PBXProject;
			attributes = {
				LastSwiftUpdateCheck = 1130;
				LastUpgradeCheck = 1130;
				ORGANIZATIONNAME = "Garagem Infinita";
				TargetAttributes = {
					792C124923C7A1F400C59F01 = {
						CreatedOnToolsVersion = 11.3;
					};
					792C125F23C7A1FA00C59F01 = {
						CreatedOnToolsVersion = 11.3;
						TestTargetID = 792C124923C7A1F400C59F01;
					};
					792C126A23C7A1FA00C59F01 = {
						CreatedOnToolsVersion = 11.3;
						TestTargetID = 792C124923C7A1F400C59F01;
					};
				};
			};
			buildConfigurationList = 792C124523C7A1F400C59F01 /* Build configuration list for PBXProject "Iniciativer" */;
			compatibilityVersion = "Xcode 9.3";
			developmentRegion = en;
			hasScannedForEncodings = 0;
			knownRegions = (
				en,
				Base,
			);
			mainGroup = 792C124123C7A1F400C59F01;
			productRefGroup = 792C124B23C7A1F400C59F01 /* Products */;
			projectDirPath = "";
			projectRoot = "";
			targets = (
				792C124923C7A1F400C59F01 /* Iniciativer */,
				792C125F23C7A1FA00C59F01 /* IniciativerTests */,
				792C126A23C7A1FA00C59F01 /* IniciativerUITests */,
			);
		};
/* End PBXProject section */

/* Begin PBXResourcesBuildPhase section */
		792C124823C7A1F400C59F01 /* Resources */ = {
			isa = PBXResourcesBuildPhase;
			buildActionMask = 2147483647;
			files = (
				792C125A23C7A1FA00C59F01 /* LaunchScreen.storyboard in Resources */,
				792C125723C7A1FA00C59F01 /* Preview Assets.xcassets in Resources */,
				792C125423C7A1FA00C59F01 /* Assets.xcassets in Resources */,
			);
			runOnlyForDeploymentPostprocessing = 0;
		};
		792C125E23C7A1FA00C59F01 /* Resources */ = {
			isa = PBXResourcesBuildPhase;
			buildActionMask = 2147483647;
			files = (
			);
			runOnlyForDeploymentPostprocessing = 0;
		};
		792C126923C7A1FA00C59F01 /* Resources */ = {
			isa = PBXResourcesBuildPhase;
			buildActionMask = 2147483647;
			files = (
			);
			runOnlyForDeploymentPostprocessing = 0;
		};
/* End PBXResourcesBuildPhase section */

/* Begin PBXSourcesBuildPhase section */
		792C124623C7A1F400C59F01 /* Sources */ = {
			isa = PBXSourcesBuildPhase;
			buildActionMask = 2147483647;
			files = (
				792C124E23C7A1F400C59F01 /* AppDelegate.swift in Sources */,
				792C125023C7A1F400C59F01 /* SceneDelegate.swift in Sources */,
				792C127E23C7A7F100C59F01 /* AddCharacterView.swift in Sources */,
				792C125223C7A1F500C59F01 /* ContentView.swift in Sources */,
				7949C8A92405743700C02218 /* Models.swift in Sources */,
			);
			runOnlyForDeploymentPostprocessing = 0;
		};
		792C125C23C7A1FA00C59F01 /* Sources */ = {
			isa = PBXSourcesBuildPhase;
			buildActionMask = 2147483647;
			files = (
				792C126523C7A1FA00C59F01 /* IniciativerTests.swift in Sources */,
			);
			runOnlyForDeploymentPostprocessing = 0;
		};
		792C126723C7A1FA00C59F01 /* Sources */ = {
			isa = PBXSourcesBuildPhase;
			buildActionMask = 2147483647;
			files = (
				792C127023C7A1FA00C59F01 /* IniciativerUITests.swift in Sources */,
			);
			runOnlyForDeploymentPostprocessing = 0;
		};
/* End PBXSourcesBuildPhase section */

/* Begin PBXTargetDependency section */
		792C126223C7A1FA00C59F01 /* PBXTargetDependency */ = {
			isa = PBXTargetDependency;
			target = 792C124923C7A1F400C59F01 /* Iniciativer */;
			targetProxy = 792C126123C7A1FA00C59F01 /* PBXContainerItemProxy */;
		};
		792C126D23C7A1FA00C59F01 /* PBXTargetDependency */ = {
			isa = PBXTargetDependency;
			target = 792C124923C7A1F400C59F01 /* Iniciativer */;
			targetProxy = 792C126C23C7A1FA00C59F01 /* PBXContainerItemProxy */;
		};
/* End PBXTargetDependency section */

/* Begin PBXVariantGroup section */
		792C125823C7A1FA00C59F01 /* LaunchScreen.storyboard */ = {
			isa = PBXVariantGroup;
			children = (
				792C125923C7A1FA00C59F01 /* Base */,
			);
			name = LaunchScreen.storyboard;
			sourceTree = "<group>";
		};
/* End PBXVariantGroup section */

/* Begin XCBuildConfiguration section */
		792C127223C7A1FA00C59F01 /* Debug */ = {
			isa = XCBuildConfiguration;
			buildSettings = {
				ALWAYS_SEARCH_USER_PATHS = NO;
				CLANG_ANALYZER_NONNULL = YES;
				CLANG_ANALYZER_NUMBER_OBJECT_CONVERSION = YES_AGGRESSIVE;
				CLANG_CXX_LANGUAGE_STANDARD = "gnu++14";
				CLANG_CXX_LIBRARY = "libc++";
				CLANG_ENABLE_MODULES = YES;
				CLANG_ENABLE_OBJC_ARC = YES;
				CLANG_ENABLE_OBJC_WEAK = YES;
				CLANG_WARN_BLOCK_CAPTURE_AUTORELEASING = YES;
				CLANG_WARN_BOOL_CONVERSION = YES;
				CLANG_WARN_COMMA = YES;
				CLANG_WARN_CONSTANT_CONVERSION = YES;
				CLANG_WARN_DEPRECATED_OBJC_IMPLEMENTATIONS = YES;
				CLANG_WARN_DIRECT_OBJC_ISA_USAGE = YES_ERROR;
				CLANG_WARN_DOCUMENTATION_COMMENTS = YES;
				CLANG_WARN_EMPTY_BODY = YES;
				CLANG_WARN_ENUM_CONVERSION = YES;
				CLANG_WARN_INFINITE_RECURSION = YES;
				CLANG_WARN_INT_CONVERSION = YES;
				CLANG_WARN_NON_LITERAL_NULL_CONVERSION = YES;
				CLANG_WARN_OBJC_IMPLICIT_RETAIN_SELF = YES;
				CLANG_WARN_OBJC_LITERAL_CONVERSION = YES;
				CLANG_WARN_OBJC_ROOT_CLASS = YES_ERROR;
				CLANG_WARN_RANGE_LOOP_ANALYSIS = YES;
				CLANG_WARN_STRICT_PROTOTYPES = YES;
				CLANG_WARN_SUSPICIOUS_MOVE = YES;
				CLANG_WARN_UNGUARDED_AVAILABILITY = YES_AGGRESSIVE;
				CLANG_WARN_UNREACHABLE_CODE = YES;
				CLANG_WARN__DUPLICATE_METHOD_MATCH = YES;
				COPY_PHASE_STRIP = NO;
				DEBUG_INFORMATION_FORMAT = dwarf;
				ENABLE_STRICT_OBJC_MSGSEND = YES;
				ENABLE_TESTABILITY = YES;
				GCC_C_LANGUAGE_STANDARD = gnu11;
				GCC_DYNAMIC_NO_PIC = NO;
				GCC_NO_COMMON_BLOCKS = YES;
				GCC_OPTIMIZATION_LEVEL = 0;
				GCC_PREPROCESSOR_DEFINITIONS = (
					"DEBUG=1",
					"$(inherited)",
				);
				GCC_WARN_64_TO_32_BIT_CONVERSION = YES;
				GCC_WARN_ABOUT_RETURN_TYPE = YES_ERROR;
				GCC_WARN_UNDECLARED_SELECTOR = YES;
				GCC_WARN_UNINITIALIZED_AUTOS = YES_AGGRESSIVE;
				GCC_WARN_UNUSED_FUNCTION = YES;
				GCC_WARN_UNUSED_VARIABLE = YES;
				IPHONEOS_DEPLOYMENT_TARGET = 13.2;
				MTL_ENABLE_DEBUG_INFO = INCLUDE_SOURCE;
				MTL_FAST_MATH = YES;
				ONLY_ACTIVE_ARCH = YES;
				SDKROOT = iphoneos;
				SWIFT_ACTIVE_COMPILATION_CONDITIONS = DEBUG;
				SWIFT_OPTIMIZATION_LEVEL = "-Onone";
			};
			name = Debug;
		};
		792C127323C7A1FA00C59F01 /* Release */ = {
			isa = XCBuildConfiguration;
			buildSettings = {
				ALWAYS_SEARCH_USER_PATHS = NO;
				CLANG_ANALYZER_NONNULL = YES;
				CLANG_ANALYZER_NUMBER_OBJECT_CONVERSION = YES_AGGRESSIVE;
				CLANG_CXX_LANGUAGE_STANDARD = "gnu++14";
				CLANG_CXX_LIBRARY = "libc++";
				CLANG_ENABLE_MODULES = YES;
				CLANG_ENABLE_OBJC_ARC = YES;
				CLANG_ENABLE_OBJC_WEAK = YES;
				CLANG_WARN_BLOCK_CAPTURE_AUTORELEASING = YES;
				CLANG_WARN_BOOL_CONVERSION = YES;
				CLANG_WARN_COMMA = YES;
				CLANG_WARN_CONSTANT_CONVERSION = YES;
				CLANG_WARN_DEPRECATED_OBJC_IMPLEMENTATIONS = YES;
				CLANG_WARN_DIRECT_OBJC_ISA_USAGE = YES_ERROR;
				CLANG_WARN_DOCUMENTATION_COMMENTS = YES;
				CLANG_WARN_EMPTY_BODY = YES;
				CLANG_WARN_ENUM_CONVERSION = YES;
				CLANG_WARN_INFINITE_RECURSION = YES;
				CLANG_WARN_INT_CONVERSION = YES;
				CLANG_WARN_NON_LITERAL_NULL_CONVERSION = YES;
				CLANG_WARN_OBJC_IMPLICIT_RETAIN_SELF = YES;
				CLANG_WARN_OBJC_LITERAL_CONVERSION = YES;
				CLANG_WARN_OBJC_ROOT_CLASS = YES_ERROR;
				CLANG_WARN_RANGE_LOOP_ANALYSIS = YES;
				CLANG_WARN_STRICT_PROTOTYPES = YES;
				CLANG_WARN_SUSPICIOUS_MOVE = YES;
				CLANG_WARN_UNGUARDED_AVAILABILITY = YES_AGGRESSIVE;
				CLANG_WARN_UNREACHABLE_CODE = YES;
				CLANG_WARN__DUPLICATE_METHOD_MATCH = YES;
				COPY_PHASE_STRIP = NO;
				DEBUG_INFORMATION_FORMAT = "dwarf-with-dsym";
				ENABLE_NS_ASSERTIONS = NO;
				ENABLE_STRICT_OBJC_MSGSEND = YES;
				GCC_C_LANGUAGE_STANDARD = gnu11;
				GCC_NO_COMMON_BLOCKS = YES;
				GCC_WARN_64_TO_32_BIT_CONVERSION = YES;
				GCC_WARN_ABOUT_RETURN_TYPE = YES_ERROR;
				GCC_WARN_UNDECLARED_SELECTOR = YES;
				GCC_WARN_UNINITIALIZED_AUTOS = YES_AGGRESSIVE;
				GCC_WARN_UNUSED_FUNCTION = YES;
				GCC_WARN_UNUSED_VARIABLE = YES;
				IPHONEOS_DEPLOYMENT_TARGET = 13.2;
				MTL_ENABLE_DEBUG_INFO = NO;
				MTL_FAST_MATH = YES;
				SDKROOT = iphoneos;
				SWIFT_COMPILATION_MODE = wholemodule;
				SWIFT_OPTIMIZATION_LEVEL = "-O";
				VALIDATE_PRODUCT = YES;
			};
			name = Release;
		};
		792C127523C7A1FA00C59F01 /* Debug */ = {
			isa = XCBuildConfiguration;
			buildSettings = {
				ASSETCATALOG_COMPILER_APPICON_NAME = AppIcon;
				CODE_SIGN_STYLE = Automatic;
				DEVELOPMENT_ASSET_PATHS = "\"Iniciativer/Preview Content\"";
				DEVELOPMENT_TEAM = L2BC5TCSR5;
				ENABLE_PREVIEWS = YES;
				INFOPLIST_FILE = Iniciativer/Info.plist;
				LD_RUNPATH_SEARCH_PATHS = (
					"$(inherited)",
					"@executable_path/Frameworks",
				);
				PRODUCT_BUNDLE_IDENTIFIER = com.garageminfinita.Iniciativer;
				PRODUCT_NAME = "$(TARGET_NAME)";
				SWIFT_VERSION = 5.0;
				TARGETED_DEVICE_FAMILY = "1,2";
			};
			name = Debug;
		};
		792C127623C7A1FA00C59F01 /* Release */ = {
			isa = XCBuildConfiguration;
			buildSettings = {
				ASSETCATALOG_COMPILER_APPICON_NAME = AppIcon;
				CODE_SIGN_STYLE = Automatic;
				DEVELOPMENT_ASSET_PATHS = "\"Iniciativer/Preview Content\"";
				DEVELOPMENT_TEAM = L2BC5TCSR5;
				ENABLE_PREVIEWS = YES;
				INFOPLIST_FILE = Iniciativer/Info.plist;
				LD_RUNPATH_SEARCH_PATHS = (
					"$(inherited)",
					"@executable_path/Frameworks",
				);
				PRODUCT_BUNDLE_IDENTIFIER = com.garageminfinita.Iniciativer;
				PRODUCT_NAME = "$(TARGET_NAME)";
				SWIFT_VERSION = 5.0;
				TARGETED_DEVICE_FAMILY = "1,2";
			};
			name = Release;
		};
		792C127823C7A1FA00C59F01 /* Debug */ = {
			isa = XCBuildConfiguration;
			buildSettings = {
				ALWAYS_EMBED_SWIFT_STANDARD_LIBRARIES = YES;
				BUNDLE_LOADER = "$(TEST_HOST)";
				CODE_SIGN_STYLE = Automatic;
				DEVELOPMENT_TEAM = L2BC5TCSR5;
				INFOPLIST_FILE = IniciativerTests/Info.plist;
				IPHONEOS_DEPLOYMENT_TARGET = 13.2;
				LD_RUNPATH_SEARCH_PATHS = (
					"$(inherited)",
					"@executable_path/Frameworks",
					"@loader_path/Frameworks",
				);
				PRODUCT_BUNDLE_IDENTIFIER = com.garageminfinita.IniciativerTests;
				PRODUCT_NAME = "$(TARGET_NAME)";
				SWIFT_VERSION = 5.0;
				TARGETED_DEVICE_FAMILY = "1,2";
				TEST_HOST = "$(BUILT_PRODUCTS_DIR)/Iniciativer.app/Iniciativer";
			};
			name = Debug;
		};
		792C127923C7A1FA00C59F01 /* Release */ = {
			isa = XCBuildConfiguration;
			buildSettings = {
				ALWAYS_EMBED_SWIFT_STANDARD_LIBRARIES = YES;
				BUNDLE_LOADER = "$(TEST_HOST)";
				CODE_SIGN_STYLE = Automatic;
				DEVELOPMENT_TEAM = L2BC5TCSR5;
				INFOPLIST_FILE = IniciativerTests/Info.plist;
				IPHONEOS_DEPLOYMENT_TARGET = 13.2;
				LD_RUNPATH_SEARCH_PATHS = (
					"$(inherited)",
					"@executable_path/Frameworks",
					"@loader_path/Frameworks",
				);
				PRODUCT_BUNDLE_IDENTIFIER = com.garageminfinita.IniciativerTests;
				PRODUCT_NAME = "$(TARGET_NAME)";
				SWIFT_VERSION = 5.0;
				TARGETED_DEVICE_FAMILY = "1,2";
				TEST_HOST = "$(BUILT_PRODUCTS_DIR)/Iniciativer.app/Iniciativer";
			};
			name = Release;
		};
		792C127B23C7A1FA00C59F01 /* Debug */ = {
			isa = XCBuildConfiguration;
			buildSettings = {
				ALWAYS_EMBED_SWIFT_STANDARD_LIBRARIES = YES;
				CODE_SIGN_STYLE = Automatic;
				DEVELOPMENT_TEAM = L2BC5TCSR5;
				INFOPLIST_FILE = IniciativerUITests/Info.plist;
				LD_RUNPATH_SEARCH_PATHS = (
					"$(inherited)",
					"@executable_path/Frameworks",
					"@loader_path/Frameworks",
				);
				PRODUCT_BUNDLE_IDENTIFIER = com.garageminfinita.IniciativerUITests;
				PRODUCT_NAME = "$(TARGET_NAME)";
				SWIFT_VERSION = 5.0;
				TARGETED_DEVICE_FAMILY = "1,2";
				TEST_TARGET_NAME = Iniciativer;
			};
			name = Debug;
		};
		792C127C23C7A1FA00C59F01 /* Release */ = {
			isa = XCBuildConfiguration;
			buildSettings = {
				ALWAYS_EMBED_SWIFT_STANDARD_LIBRARIES = YES;
				CODE_SIGN_STYLE = Automatic;
				DEVELOPMENT_TEAM = L2BC5TCSR5;
				INFOPLIST_FILE = IniciativerUITests/Info.plist;
				LD_RUNPATH_SEARCH_PATHS = (
					"$(inherited)",
					"@executable_path/Frameworks",
					"@loader_path/Frameworks",
				);
				PRODUCT_BUNDLE_IDENTIFIER = com.garageminfinita.IniciativerUITests;
				PRODUCT_NAME = "$(TARGET_NAME)";
				SWIFT_VERSION = 5.0;
				TARGETED_DEVICE_FAMILY = "1,2";
				TEST_TARGET_NAME = Iniciativer;
			};
			name = Release;
		};
/* End XCBuildConfiguration section */

/* Begin XCConfigurationList section */
		792C124523C7A1F400C59F01 /* Build configuration list for PBXProject "Iniciativer" */ = {
			isa = XCConfigurationList;
			buildConfigurations = (
				792C127223C7A1FA00C59F01 /* Debug */,
				792C127323C7A1FA00C59F01 /* Release */,
			);
			defaultConfigurationIsVisible = 0;
			defaultConfigurationName = Release;
		};
		792C127423C7A1FA00C59F01 /* Build configuration list for PBXNativeTarget "Iniciativer" */ = {
			isa = XCConfigurationList;
			buildConfigurations = (
				792C127523C7A1FA00C59F01 /* Debug */,
				792C127623C7A1FA00C59F01 /* Release */,
			);
			defaultConfigurationIsVisible = 0;
			defaultConfigurationName = Release;
		};
		792C127723C7A1FA00C59F01 /* Build configuration list for PBXNativeTarget "IniciativerTests" */ = {
			isa = XCConfigurationList;
			buildConfigurations = (
				792C127823C7A1FA00C59F01 /* Debug */,
				792C127923C7A1FA00C59F01 /* Release */,
			);
			defaultConfigurationIsVisible = 0;
			defaultConfigurationName = Release;
		};
		792C127A23C7A1FA00C59F01 /* Build configuration list for PBXNativeTarget "IniciativerUITests" */ = {
			isa = XCConfigurationList;
			buildConfigurations = (
				792C127B23C7A1FA00C59F01 /* Debug */,
				792C127C23C7A1FA00C59F01 /* Release */,
			);
			defaultConfigurationIsVisible = 0;
			defaultConfigurationName = Release;
		};
/* End XCConfigurationList section */
	};
	rootObject = 792C124223C7A1F400C59F01 /* Project object */;
}
